PODS:
  - GABiometricAuthentication (2.1.0)

DEPENDENCIES:
  - GABiometricAuthentication (from `../`)

EXTERNAL SOURCES:
  GABiometricAuthentication:
    :path: "../"

SPEC CHECKSUMS:
  GABiometricAuthentication: 0ff6f0f7d2c043698d4ad04033ae42628bac8a90

PODFILE CHECKSUM: a75e5292288f1fb2974d0d2645c8661d6126e3bf

COCOAPODS: 1.8.4
